
Microsoft Visual Studio Solution File, Format Version 12.00
# Visual Studio Version 16
VisualStudioVersion = 16.0.31424.327
MinimumVisualStudioVersion = 10.0.40219.1
Project("{FAE04EC0-301F-11D3-BF4B-00C04F79EFBC}") = "COREY_TrianglesShape_Project", "COREY_TrianglesShape_Project.csproj", "{CB0115BD-6370-4CE8-A04A-CC2249EF6AEB}"
EndProject
Global
	GlobalSection(SolutionConfigurationPlatforms) = preSolution
		Debug|Any CPU = Debug|Any CPU
		Release|Any CPU = Release|Any CPU
	EndGlobalSection
	GlobalSection(ProjectConfigurationPlatforms) = postSolution
		{CB0115BD-6370-4CE8-A04A-CC2249EF6AEB}.Debug|Any CPU.ActiveCfg = Debug|Any CPU
		{CB0115BD-6370-4CE8-A04A-CC2249EF6AEB}.Debug|Any CPU.Build.0 = Debug|Any CPU
		{CB0115BD-6370-4CE8-A04A-CC2249EF6AEB}.Release|Any CPU.ActiveCfg = Release|Any CPU
		{CB0115BD-6370-4CE8-A04A-CC2249EF6AEB}.Release|Any CPU.Build.0 = Release|Any CPU
	EndGlobalSection
	GlobalSection(SolutionProperties) = preSolution
		HideSolutionNode = FALSE
	EndGlobalSection
	GlobalSection(ExtensibilityGlobals) = postSolution
		SolutionGuid = {8D78E04C-0106-49DB-82AD-5F11742E20B2}
	EndGlobalSection
EndGlobal
